
Microsoft Visual Studio Solution File, Format Version 12.00
Project("{FAE04EC0-301F-11D3-BF4B-00C04F79EFBC}") = "confluent_kafka_producer", "ConfluentKafka\confluent_kafka_producer\confluent_kafka_producer.csproj", "{E43D2267-F9EF-4C94-9BA3-433A5DC1612C}"
EndProject
Project("{FAE04EC0-301F-11D3-BF4B-00C04F79EFBC}") = "confluent_kafka_consumer", "ConfluentKafka\confluent_kafka_consumer\confluent_kafka_consumer.csproj", "{C22F4A79-1811-473E-A227-25669F9F9CC8}"
EndProject
Project("{FAE04EC0-301F-11D3-BF4B-00C04F79EFBC}") = "shared_stuff", "shared_stuff\shared_stuff.csproj", "{FF15B5DD-9156-4AA1-AE45-9D9F479F2543}"
EndProject
Project("{FAE04EC0-301F-11D3-BF4B-00C04F79EFBC}") = "rebus_kafka_consumer", "Rebus\rebus_kafka_consumer\rebus_kafka_consumer.csproj", "{E640FEE4-0058-43C5-ABB8-0989C8AA76EC}"
EndProject
Project("{FAE04EC0-301F-11D3-BF4B-00C04F79EFBC}") = "rebus_kafka_simple_producer_consumer", "Rebus\rebus_kafka_simple_producer_consumer\rebus_kafka_simple_producer_consumer.csproj", "{3FD399E9-C6E8-4CE7-9AFC-B98AF7F85CF2}"
EndProject
Project("{FAE04EC0-301F-11D3-BF4B-00C04F79EFBC}") = "MassTransit_kafka_consumer", "MassTransit\MassTransit_kafka_consumer\MassTransit_kafka_consumer.csproj", "{739F519E-C3B5-4530-AEED-F79084A6AC48}"
EndProject
Project("{FAE04EC0-301F-11D3-BF4B-00C04F79EFBC}") = "MassTransit_kafka_producer", "MassTransit\MassTransit_kafka_producer\MassTransit_kafka_producer.csproj", "{134946A4-646A-413B-9AED-3BFD807E3CEA}"
EndProject
Project("{FAE04EC0-301F-11D3-BF4B-00C04F79EFBC}") = "rebus_kafka_producer", "rebus_kafka_producer\rebus_kafka_producer.csproj", "{6EAEBD76-90D3-4024-B22B-2CCE691136D9}"
EndProject
Global
	GlobalSection(SolutionConfigurationPlatforms) = preSolution
		Debug|Any CPU = Debug|Any CPU
		Release|Any CPU = Release|Any CPU
	EndGlobalSection
	GlobalSection(ProjectConfigurationPlatforms) = postSolution
		{E43D2267-F9EF-4C94-9BA3-433A5DC1612C}.Debug|Any CPU.ActiveCfg = Debug|Any CPU
		{E43D2267-F9EF-4C94-9BA3-433A5DC1612C}.Debug|Any CPU.Build.0 = Debug|Any CPU
		{E43D2267-F9EF-4C94-9BA3-433A5DC1612C}.Release|Any CPU.ActiveCfg = Release|Any CPU
		{E43D2267-F9EF-4C94-9BA3-433A5DC1612C}.Release|Any CPU.Build.0 = Release|Any CPU
		{C22F4A79-1811-473E-A227-25669F9F9CC8}.Debug|Any CPU.ActiveCfg = Debug|Any CPU
		{C22F4A79-1811-473E-A227-25669F9F9CC8}.Debug|Any CPU.Build.0 = Debug|Any CPU
		{C22F4A79-1811-473E-A227-25669F9F9CC8}.Release|Any CPU.ActiveCfg = Release|Any CPU
		{C22F4A79-1811-473E-A227-25669F9F9CC8}.Release|Any CPU.Build.0 = Release|Any CPU
		{FF15B5DD-9156-4AA1-AE45-9D9F479F2543}.Debug|Any CPU.ActiveCfg = Debug|Any CPU
		{FF15B5DD-9156-4AA1-AE45-9D9F479F2543}.Debug|Any CPU.Build.0 = Debug|Any CPU
		{FF15B5DD-9156-4AA1-AE45-9D9F479F2543}.Release|Any CPU.ActiveCfg = Release|Any CPU
		{FF15B5DD-9156-4AA1-AE45-9D9F479F2543}.Release|Any CPU.Build.0 = Release|Any CPU
		{E640FEE4-0058-43C5-ABB8-0989C8AA76EC}.Debug|Any CPU.ActiveCfg = Debug|Any CPU
		{E640FEE4-0058-43C5-ABB8-0989C8AA76EC}.Debug|Any CPU.Build.0 = Debug|Any CPU
		{E640FEE4-0058-43C5-ABB8-0989C8AA76EC}.Release|Any CPU.ActiveCfg = Release|Any CPU
		{E640FEE4-0058-43C5-ABB8-0989C8AA76EC}.Release|Any CPU.Build.0 = Release|Any CPU
		{3FD399E9-C6E8-4CE7-9AFC-B98AF7F85CF2}.Debug|Any CPU.ActiveCfg = Debug|Any CPU
		{3FD399E9-C6E8-4CE7-9AFC-B98AF7F85CF2}.Debug|Any CPU.Build.0 = Debug|Any CPU
		{3FD399E9-C6E8-4CE7-9AFC-B98AF7F85CF2}.Release|Any CPU.ActiveCfg = Release|Any CPU
		{3FD399E9-C6E8-4CE7-9AFC-B98AF7F85CF2}.Release|Any CPU.Build.0 = Release|Any CPU
		{739F519E-C3B5-4530-AEED-F79084A6AC48}.Debug|Any CPU.ActiveCfg = Debug|Any CPU
		{739F519E-C3B5-4530-AEED-F79084A6AC48}.Debug|Any CPU.Build.0 = Debug|Any CPU
		{739F519E-C3B5-4530-AEED-F79084A6AC48}.Release|Any CPU.ActiveCfg = Release|Any CPU
		{739F519E-C3B5-4530-AEED-F79084A6AC48}.Release|Any CPU.Build.0 = Release|Any CPU
		{134946A4-646A-413B-9AED-3BFD807E3CEA}.Debug|Any CPU.ActiveCfg = Debug|Any CPU
		{134946A4-646A-413B-9AED-3BFD807E3CEA}.Debug|Any CPU.Build.0 = Debug|Any CPU
		{134946A4-646A-413B-9AED-3BFD807E3CEA}.Release|Any CPU.ActiveCfg = Release|Any CPU
		{134946A4-646A-413B-9AED-3BFD807E3CEA}.Release|Any CPU.Build.0 = Release|Any CPU
		{6EAEBD76-90D3-4024-B22B-2CCE691136D9}.Debug|Any CPU.ActiveCfg = Debug|Any CPU
		{6EAEBD76-90D3-4024-B22B-2CCE691136D9}.Debug|Any CPU.Build.0 = Debug|Any CPU
		{6EAEBD76-90D3-4024-B22B-2CCE691136D9}.Release|Any CPU.ActiveCfg = Release|Any CPU
		{6EAEBD76-90D3-4024-B22B-2CCE691136D9}.Release|Any CPU.Build.0 = Release|Any CPU
	EndGlobalSection
EndGlobal
